
Microsoft Visual Studio Solution File, Format Version 12.00
# Visual Studio 15
VisualStudioVersion = 15.0.27130.2024
MinimumVisualStudioVersion = 10.0.40219.1
Project("{FAE04EC0-301F-11D3-BF4B-00C04F79EFBC}") = "TD2", "TD2\TD2.csproj", "{5C03F63A-B215-4C41-9E6D-BAB9A8B4A9C9}"
EndProject
Global
	GlobalSection(SolutionConfigurationPlatforms) = preSolution
		Debug|Any CPU = Debug|Any CPU
		Release|Any CPU = Release|Any CPU
	EndGlobalSection
	GlobalSection(ProjectConfigurationPlatforms) = postSolution
		{5C03F63A-B215-4C41-9E6D-BAB9A8B4A9C9}.Debug|Any CPU.ActiveCfg = Debug|Any CPU
		{5C03F63A-B215-4C41-9E6D-BAB9A8B4A9C9}.Debug|Any CPU.Build.0 = Debug|Any CPU
		{5C03F63A-B215-4C41-9E6D-BAB9A8B4A9C9}.Release|Any CPU.ActiveCfg = Release|Any CPU
		{5C03F63A-B215-4C41-9E6D-BAB9A8B4A9C9}.Release|Any CPU.Build.0 = Release|Any CPU
	EndGlobalSection
	GlobalSection(SolutionProperties) = preSolution
		HideSolutionNode = FALSE
	EndGlobalSection
	GlobalSection(ExtensibilityGlobals) = postSolution
		SolutionGuid = {54728296-EDF0-4736-89BF-A34FA52D36D7}
	EndGlobalSection
EndGlobal
