
Microsoft Visual Studio Solution File, Format Version 12.00
# Visual Studio 15
VisualStudioVersion = 15.0.27428.2002
MinimumVisualStudioVersion = 10.0.40219.1
Project("{FAE04EC0-301F-11D3-BF4B-00C04F79EFBC}") = "Zombillenium_WPF", "Zombillenium_WPF\Zombillenium_WPF.csproj", "{48F5555A-2AF3-4EBE-8E75-79EB1AEDC112}"
EndProject
Global
	GlobalSection(SolutionConfigurationPlatforms) = preSolution
		Debug|Any CPU = Debug|Any CPU
		Release|Any CPU = Release|Any CPU
	EndGlobalSection
	GlobalSection(ProjectConfigurationPlatforms) = postSolution
		{48F5555A-2AF3-4EBE-8E75-79EB1AEDC112}.Debug|Any CPU.ActiveCfg = Debug|Any CPU
		{48F5555A-2AF3-4EBE-8E75-79EB1AEDC112}.Debug|Any CPU.Build.0 = Debug|Any CPU
		{48F5555A-2AF3-4EBE-8E75-79EB1AEDC112}.Release|Any CPU.ActiveCfg = Release|Any CPU
		{48F5555A-2AF3-4EBE-8E75-79EB1AEDC112}.Release|Any CPU.Build.0 = Release|Any CPU
	EndGlobalSection
	GlobalSection(SolutionProperties) = preSolution
		HideSolutionNode = FALSE
	EndGlobalSection
	GlobalSection(ExtensibilityGlobals) = postSolution
		SolutionGuid = {5E7EA260-B9AB-4321-8A0D-19945429B69D}
	EndGlobalSection
EndGlobal
